// !$*UTF8*$!
{
	archiveVersion = 1;
	classes = {
	};
	objectVersion = 55;
	objects = {

/* Begin PBXBuildFile section */
		DBECA9D4282577570041891F /* AppDelegate.swift in Sources */ = {isa = PBXBuildFile; fileRef = DBECA9D3282577570041891F /* AppDelegate.swift */; };
		DBECA9D6282577570041891F /* SceneDelegate.swift in Sources */ = {isa = PBXBuildFile; fileRef = DBECA9D5282577570041891F /* SceneDelegate.swift */; };
		DBECA9D8282577570041891F /* ViewController.swift in Sources */ = {isa = PBXBuildFile; fileRef = DBECA9D7282577570041891F /* ViewController.swift */; };
		DBECA9DB282577570041891F /* Main.storyboard in Resources */ = {isa = PBXBuildFile; fileRef = DBECA9D9282577570041891F /* Main.storyboard */; };
		DBECA9DD282577590041891F /* Assets.xcassets in Resources */ = {isa = PBXBuildFile; fileRef = DBECA9DC282577590041891F /* Assets.xcassets */; };
		DBECA9E0282577590041891F /* LaunchScreen.storyboard in Resources */ = {isa = PBXBuildFile; fileRef = DBECA9DE282577590041891F /* LaunchScreen.storyboard */; };
		DBECA9EB282577590041891F /* ikidTests.swift in Sources */ = {isa = PBXBuildFile; fileRef = DBECA9EA282577590041891F /* ikidTests.swift */; };
		DBECA9F5282577590041891F /* ikidUITests.swift in Sources */ = {isa = PBXBuildFile; fileRef = DBECA9F4282577590041891F /* ikidUITests.swift */; };
		DBECA9F7282577590041891F /* ikidUITestsLaunchTests.swift in Sources */ = {isa = PBXBuildFile; fileRef = DBECA9F6282577590041891F /* ikidUITestsLaunchTests.swift */; };
		DBECAA0A28257B770041891F /* Good.swift in Sources */ = {isa = PBXBuildFile; fileRef = DBECAA0928257B770041891F /* Good.swift */; };
		DBECAA0C28257B810041891F /* Pun.swift in Sources */ = {isa = PBXBuildFile; fileRef = DBECAA0B28257B810041891F /* Pun.swift */; };
		DBECAA0E28257B920041891F /* Knock.swift in Sources */ = {isa = PBXBuildFile; fileRef = DBECAA0D28257B920041891F /* Knock.swift */; };
		DBECAA10282583130041891F /* SwitchingViewController.swift in Sources */ = {isa = PBXBuildFile; fileRef = DBECAA0F282583130041891F /* SwitchingViewController.swift */; };
		DBECAA12282583A30041891F /* FirstViewController.swift in Sources */ = {isa = PBXBuildFile; fileRef = DBECAA11282583A30041891F /* FirstViewController.swift */; };
		DBECAA14282584370041891F /* SecondViewController.swift in Sources */ = {isa = PBXBuildFile; fileRef = DBECAA13282584370041891F /* SecondViewController.swift */; };
		DBECAA1E2826E1300041891F /* SecondJokeMore.swift in Sources */ = {isa = PBXBuildFile; fileRef = DBECAA1D2826E1300041891F /* SecondJokeMore.swift */; };
		DBECAA222826E4F60041891F /* SecondJokeGood.swift in Sources */ = {isa = PBXBuildFile; fileRef = DBECAA212826E4F60041891F /* SecondJokeGood.swift */; };
		DBECAA262826E74A0041891F /* SecondJoke_Switching.swift in Sources */ = {isa = PBXBuildFile; fileRef = DBECAA252826E74A0041891F /* SecondJoke_Switching.swift */; };
		DBECAA282826E7B10041891F /* SecondJoke.swift in Sources */ = {isa = PBXBuildFile; fileRef = DBECAA272826E7B10041891F /* SecondJoke.swift */; };
		DBECAA2A2826E7BF0041891F /* SecondJokeGoodBack.swift in Sources */ = {isa = PBXBuildFile; fileRef = DBECAA292826E7BF0041891F /* SecondJokeGoodBack.swift */; };
		DBECAA2C2826E8DC0041891F /* SecondJokeFront.swift in Sources */ = {isa = PBXBuildFile; fileRef = DBECAA2B2826E8DC0041891F /* SecondJokeFront.swift */; };
		DBECAA2E2826EF830041891F /* ThirdGoodJokeSwitch.swift in Sources */ = {isa = PBXBuildFile; fileRef = DBECAA2D2826EF830041891F /* ThirdGoodJokeSwitch.swift */; };
		DBECAA3628270FD70041891F /* ThirdJokeGoodSwitch.swift in Sources */ = {isa = PBXBuildFile; fileRef = DBECAA3528270FD70041891F /* ThirdJokeGoodSwitch.swift */; };
		DBECAA3828270FE60041891F /* ThirdJokeFront.swift in Sources */ = {isa = PBXBuildFile; fileRef = DBECAA3728270FE60041891F /* ThirdJokeFront.swift */; };
		DBECAA3A28270FF40041891F /* ThirdJokeBack.swift in Sources */ = {isa = PBXBuildFile; fileRef = DBECAA3928270FF40041891F /* ThirdJokeBack.swift */; };
		DBECAA3C282749E10041891F /* PunFirstJokeSwitch.swift in Sources */ = {isa = PBXBuildFile; fileRef = DBECAA3B282749E10041891F /* PunFirstJokeSwitch.swift */; };
		DBECAA3E28274ACA0041891F /* PunFirstJokeFront.swift in Sources */ = {isa = PBXBuildFile; fileRef = DBECAA3D28274ACA0041891F /* PunFirstJokeFront.swift */; };
		DBECAA4028274B010041891F /* PunFirstJokeBack.swift in Sources */ = {isa = PBXBuildFile; fileRef = DBECAA3F28274B010041891F /* PunFirstJokeBack.swift */; };
		DBECAA4228275F200041891F /* Random_Switch.swift in Sources */ = {isa = PBXBuildFile; fileRef = DBECAA4128275F200041891F /* Random_Switch.swift */; };
		DBECAA4428275F9E0041891F /* RandomJoke.swift in Sources */ = {isa = PBXBuildFile; fileRef = DBECAA4328275F9E0041891F /* RandomJoke.swift */; };
		DBECAA46282762720041891F /* Random_JokeBack.swift in Sources */ = {isa = PBXBuildFile; fileRef = DBECAA45282762720041891F /* Random_JokeBack.swift */; };
/* End PBXBuildFile section */

/* Begin PBXContainerItemProxy section */
		DBECA9E7282577590041891F /* PBXContainerItemProxy */ = {
			isa = PBXContainerItemProxy;
			containerPortal = DBECA9C8282577570041891F /* Project object */;
			proxyType = 1;
			remoteGlobalIDString = DBECA9CF282577570041891F;
			remoteInfo = ikid;
		};
		DBECA9F1282577590041891F /* PBXContainerItemProxy */ = {
			isa = PBXContainerItemProxy;
			containerPortal = DBECA9C8282577570041891F /* Project object */;
			proxyType = 1;
			remoteGlobalIDString = DBECA9CF282577570041891F;
			remoteInfo = ikid;
		};
/* End PBXContainerItemProxy section */

/* Begin PBXFileReference section */
		DBECA9D0282577570041891F /* ikid.app */ = {isa = PBXFileReference; explicitFileType = wrapper.application; includeInIndex = 0; path = ikid.app; sourceTree = BUILT_PRODUCTS_DIR; };
		DBECA9D3282577570041891F /* AppDelegate.swift */ = {isa = PBXFileReference; lastKnownFileType = sourcecode.swift; path = AppDelegate.swift; sourceTree = "<group>"; };
		DBECA9D5282577570041891F /* SceneDelegate.swift */ = {isa = PBXFileReference; lastKnownFileType = sourcecode.swift; path = SceneDelegate.swift; sourceTree = "<group>"; };
		DBECA9D7282577570041891F /* ViewController.swift */ = {isa = PBXFileReference; lastKnownFileType = sourcecode.swift; path = ViewController.swift; sourceTree = "<group>"; };
		DBECA9DA282577570041891F /* Base */ = {isa = PBXFileReference; lastKnownFileType = file.storyboard; name = Base; path = Base.lproj/Main.storyboard; sourceTree = "<group>"; };
		DBECA9DC282577590041891F /* Assets.xcassets */ = {isa = PBXFileReference; lastKnownFileType = folder.assetcatalog; path = Assets.xcassets; sourceTree = "<group>"; };
		DBECA9DF282577590041891F /* Base */ = {isa = PBXFileReference; lastKnownFileType = file.storyboard; name = Base; path = Base.lproj/LaunchScreen.storyboard; sourceTree = "<group>"; };
		DBECA9E1282577590041891F /* Info.plist */ = {isa = PBXFileReference; lastKnownFileType = text.plist.xml; path = Info.plist; sourceTree = "<group>"; };
		DBECA9E6282577590041891F /* ikidTests.xctest */ = {isa = PBXFileReference; explicitFileType = wrapper.cfbundle; includeInIndex = 0; path = ikidTests.xctest; sourceTree = BUILT_PRODUCTS_DIR; };
		DBECA9EA282577590041891F /* ikidTests.swift */ = {isa = PBXFileReference; lastKnownFileType = sourcecode.swift; path = ikidTests.swift; sourceTree = "<group>"; };
		DBECA9F0282577590041891F /* ikidUITests.xctest */ = {isa = PBXFileReference; explicitFileType = wrapper.cfbundle; includeInIndex = 0; path = ikidUITests.xctest; sourceTree = BUILT_PRODUCTS_DIR; };
		DBECA9F4282577590041891F /* ikidUITests.swift */ = {isa = PBXFileReference; lastKnownFileType = sourcecode.swift; path = ikidUITests.swift; sourceTree = "<group>"; };
		DBECA9F6282577590041891F /* ikidUITestsLaunchTests.swift */ = {isa = PBXFileReference; lastKnownFileType = sourcecode.swift; path = ikidUITestsLaunchTests.swift; sourceTree = "<group>"; };
		DBECAA0928257B770041891F /* Good.swift */ = {isa = PBXFileReference; lastKnownFileType = sourcecode.swift; path = Good.swift; sourceTree = "<group>"; };
		DBECAA0B28257B810041891F /* Pun.swift */ = {isa = PBXFileReference; lastKnownFileType = sourcecode.swift; path = Pun.swift; sourceTree = "<group>"; };
		DBECAA0D28257B920041891F /* Knock.swift */ = {isa = PBXFileReference; lastKnownFileType = sourcecode.swift; path = Knock.swift; sourceTree = "<group>"; };
		DBECAA0F282583130041891F /* SwitchingViewController.swift */ = {isa = PBXFileReference; lastKnownFileType = sourcecode.swift; path = SwitchingViewController.swift; sourceTree = "<group>"; };
		DBECAA11282583A30041891F /* FirstViewController.swift */ = {isa = PBXFileReference; lastKnownFileType = sourcecode.swift; path = FirstViewController.swift; sourceTree = "<group>"; };
		DBECAA13282584370041891F /* SecondViewController.swift */ = {isa = PBXFileReference; lastKnownFileType = sourcecode.swift; path = SecondViewController.swift; sourceTree = "<group>"; };
		DBECAA1D2826E1300041891F /* SecondJokeMore.swift */ = {isa = PBXFileReference; lastKnownFileType = sourcecode.swift; path = SecondJokeMore.swift; sourceTree = "<group>"; };
		DBECAA212826E4F60041891F /* SecondJokeGood.swift */ = {isa = PBXFileReference; lastKnownFileType = sourcecode.swift; path = SecondJokeGood.swift; sourceTree = "<group>"; };
		DBECAA252826E74A0041891F /* SecondJoke_Switching.swift */ = {isa = PBXFileReference; lastKnownFileType = sourcecode.swift; path = SecondJoke_Switching.swift; sourceTree = "<group>"; };
		DBECAA272826E7B10041891F /* SecondJoke.swift */ = {isa = PBXFileReference; lastKnownFileType = sourcecode.swift; path = SecondJoke.swift; sourceTree = "<group>"; };
		DBECAA292826E7BF0041891F /* SecondJokeGoodBack.swift */ = {isa = PBXFileReference; lastKnownFileType = sourcecode.swift; path = SecondJokeGoodBack.swift; sourceTree = "<group>"; };
		DBECAA2B2826E8DC0041891F /* SecondJokeFront.swift */ = {isa = PBXFileReference; lastKnownFileType = sourcecode.swift; path = SecondJokeFront.swift; sourceTree = "<group>"; };
		DBECAA2D2826EF830041891F /* ThirdGoodJokeSwitch.swift */ = {isa = PBXFileReference; lastKnownFileType = sourcecode.swift; path = ThirdGoodJokeSwitch.swift; sourceTree = "<group>"; };
		DBECAA3528270FD70041891F /* ThirdJokeGoodSwitch.swift */ = {isa = PBXFileReference; lastKnownFileType = sourcecode.swift; path = ThirdJokeGoodSwitch.swift; sourceTree = "<group>"; };
		DBECAA3728270FE60041891F /* ThirdJokeFront.swift */ = {isa = PBXFileReference; lastKnownFileType = sourcecode.swift; path = ThirdJokeFront.swift; sourceTree = "<group>"; };
		DBECAA3928270FF40041891F /* ThirdJokeBack.swift */ = {isa = PBXFileReference; lastKnownFileType = sourcecode.swift; path = ThirdJokeBack.swift; sourceTree = "<group>"; };
		DBECAA3B282749E10041891F /* PunFirstJokeSwitch.swift */ = {isa = PBXFileReference; lastKnownFileType = sourcecode.swift; path = PunFirstJokeSwitch.swift; sourceTree = "<group>"; };
		DBECAA3D28274ACA0041891F /* PunFirstJokeFront.swift */ = {isa = PBXFileReference; lastKnownFileType = sourcecode.swift; path = PunFirstJokeFront.swift; sourceTree = "<group>"; };
		DBECAA3F28274B010041891F /* PunFirstJokeBack.swift */ = {isa = PBXFileReference; lastKnownFileType = sourcecode.swift; path = PunFirstJokeBack.swift; sourceTree = "<group>"; };
		DBECAA4128275F200041891F /* Random_Switch.swift */ = {isa = PBXFileReference; lastKnownFileType = sourcecode.swift; path = Random_Switch.swift; sourceTree = "<group>"; };
		DBECAA4328275F9E0041891F /* RandomJoke.swift */ = {isa = PBXFileReference; lastKnownFileType = sourcecode.swift; path = RandomJoke.swift; sourceTree = "<group>"; };
		DBECAA45282762720041891F /* Random_JokeBack.swift */ = {isa = PBXFileReference; lastKnownFileType = sourcecode.swift; path = Random_JokeBack.swift; sourceTree = "<group>"; };
/* End PBXFileReference section */

/* Begin PBXFrameworksBuildPhase section */
		DBECA9CD282577570041891F /* Frameworks */ = {
			isa = PBXFrameworksBuildPhase;
			buildActionMask = 2147483647;
			files = (
			);
			runOnlyForDeploymentPostprocessing = 0;
		};
		DBECA9E3282577590041891F /* Frameworks */ = {
			isa = PBXFrameworksBuildPhase;
			buildActionMask = 2147483647;
			files = (
			);
			runOnlyForDeploymentPostprocessing = 0;
		};
		DBECA9ED282577590041891F /* Frameworks */ = {
			isa = PBXFrameworksBuildPhase;
			buildActionMask = 2147483647;
			files = (
			);
			runOnlyForDeploymentPostprocessing = 0;
		};
/* End PBXFrameworksBuildPhase section */

/* Begin PBXGroup section */
		DBECA9C7282577570041891F = {
			isa = PBXGroup;
			children = (
				DBECAA45282762720041891F /* Random_JokeBack.swift */,
				DBECA9D2282577570041891F /* ikid */,
				DBECA9E9282577590041891F /* ikidTests */,
				DBECA9F3282577590041891F /* ikidUITests */,
				DBECA9D1282577570041891F /* Products */,
			);
			sourceTree = "<group>";
		};
		DBECA9D1282577570041891F /* Products */ = {
			isa = PBXGroup;
			children = (
				DBECA9D0282577570041891F /* ikid.app */,
				DBECA9E6282577590041891F /* ikidTests.xctest */,
				DBECA9F0282577590041891F /* ikidUITests.xctest */,
			);
			name = Products;
			sourceTree = "<group>";
		};
		DBECA9D2282577570041891F /* ikid */ = {
			isa = PBXGroup;
			children = (
				DBECA9D3282577570041891F /* AppDelegate.swift */,
				DBECAA3B282749E10041891F /* PunFirstJokeSwitch.swift */,
				DBECAA3D28274ACA0041891F /* PunFirstJokeFront.swift */,
				DBECAA3F28274B010041891F /* PunFirstJokeBack.swift */,
				DBECAA3528270FD70041891F /* ThirdJokeGoodSwitch.swift */,
				DBECAA3728270FE60041891F /* ThirdJokeFront.swift */,
				DBECAA3928270FF40041891F /* ThirdJokeBack.swift */,
				DBECAA2D2826EF830041891F /* ThirdGoodJokeSwitch.swift */,
				DBECAA252826E74A0041891F /* SecondJoke_Switching.swift */,
				DBECAA11282583A30041891F /* FirstViewController.swift */,
				DBECAA0928257B770041891F /* Good.swift */,
				DBECAA0B28257B810041891F /* Pun.swift */,
				DBECAA0D28257B920041891F /* Knock.swift */,
				DBECA9D5282577570041891F /* SceneDelegate.swift */,
				DBECA9D7282577570041891F /* ViewController.swift */,
				DBECA9D9282577570041891F /* Main.storyboard */,
				DBECAA4328275F9E0041891F /* RandomJoke.swift */,
				DBECAA4128275F200041891F /* Random_Switch.swift */,
				DBECAA2B2826E8DC0041891F /* SecondJokeFront.swift */,
				DBECAA212826E4F60041891F /* SecondJokeGood.swift */,
				DBECAA1D2826E1300041891F /* SecondJokeMore.swift */,
				DBECAA272826E7B10041891F /* SecondJoke.swift */,
				DBECAA292826E7BF0041891F /* SecondJokeGoodBack.swift */,
				DBECAA13282584370041891F /* SecondViewController.swift */,
				DBECAA0F282583130041891F /* SwitchingViewController.swift */,
				DBECA9DC282577590041891F /* Assets.xcassets */,
				DBECA9DE282577590041891F /* LaunchScreen.storyboard */,
				DBECA9E1282577590041891F /* Info.plist */,
			);
			path = ikid;
			sourceTree = "<group>";
		};
		DBECA9E9282577590041891F /* ikidTests */ = {
			isa = PBXGroup;
			children = (
				DBECA9EA282577590041891F /* ikidTests.swift */,
			);
			path = ikidTests;
			sourceTree = "<group>";
		};
		DBECA9F3282577590041891F /* ikidUITests */ = {
			isa = PBXGroup;
			children = (
				DBECA9F4282577590041891F /* ikidUITests.swift */,
				DBECA9F6282577590041891F /* ikidUITestsLaunchTests.swift */,
			);
			path = ikidUITests;
			sourceTree = "<group>";
		};
/* End PBXGroup section */

/* Begin PBXNativeTarget section */
		DBECA9CF282577570041891F /* ikid */ = {
			isa = PBXNativeTarget;
			buildConfigurationList = DBECA9FA282577590041891F /* Build configuration list for PBXNativeTarget "ikid" */;
			buildPhases = (
				DBECA9CC282577570041891F /* Sources */,
				DBECA9CD282577570041891F /* Frameworks */,
				DBECA9CE282577570041891F /* Resources */,
			);
			buildRules = (
			);
			dependencies = (
			);
			name = ikid;
			productName = ikid;
			productReference = DBECA9D0282577570041891F /* ikid.app */;
			productType = "com.apple.product-type.application";
		};
		DBECA9E5282577590041891F /* ikidTests */ = {
			isa = PBXNativeTarget;
			buildConfigurationList = DBECA9FD282577590041891F /* Build configuration list for PBXNativeTarget "ikidTests" */;
			buildPhases = (
				DBECA9E2282577590041891F /* Sources */,
				DBECA9E3282577590041891F /* Frameworks */,
				DBECA9E4282577590041891F /* Resources */,
			);
			buildRules = (
			);
			dependencies = (
				DBECA9E8282577590041891F /* PBXTargetDependency */,
			);
			name = ikidTests;
			productName = ikidTests;
			productReference = DBECA9E6282577590041891F /* ikidTests.xctest */;
			productType = "com.apple.product-type.bundle.unit-test";
		};
		DBECA9EF282577590041891F /* ikidUITests */ = {
			isa = PBXNativeTarget;
			buildConfigurationList = DBECAA00282577590041891F /* Build configuration list for PBXNativeTarget "ikidUITests" */;
			buildPhases = (
				DBECA9EC282577590041891F /* Sources */,
				DBECA9ED282577590041891F /* Frameworks */,
				DBECA9EE282577590041891F /* Resources */,
			);
			buildRules = (
			);
			dependencies = (
				DBECA9F2282577590041891F /* PBXTargetDependency */,
			);
			name = ikidUITests;
			productName = ikidUITests;
			productReference = DBECA9F0282577590041891F /* ikidUITests.xctest */;
			productType = "com.apple.product-type.bundle.ui-testing";
		};
/* End PBXNativeTarget section */

/* Begin PBXProject section */
		DBECA9C8282577570041891F /* Project object */ = {
			isa = PBXProject;
			attributes = {
				BuildIndependentTargetsInParallel = 1;
				LastSwiftUpdateCheck = 1330;
				LastUpgradeCheck = 1330;
				TargetAttributes = {
					DBECA9CF282577570041891F = {
						CreatedOnToolsVersion = 13.3.1;
					};
					DBECA9E5282577590041891F = {
						CreatedOnToolsVersion = 13.3.1;
						TestTargetID = DBECA9CF282577570041891F;
					};
					DBECA9EF282577590041891F = {
						CreatedOnToolsVersion = 13.3.1;
						TestTargetID = DBECA9CF282577570041891F;
					};
				};
			};
			buildConfigurationList = DBECA9CB282577570041891F /* Build configuration list for PBXProject "ikid" */;
			compatibilityVersion = "Xcode 13.0";
			developmentRegion = en;
			hasScannedForEncodings = 0;
			knownRegions = (
				en,
				Base,
			);
			mainGroup = DBECA9C7282577570041891F;
			productRefGroup = DBECA9D1282577570041891F /* Products */;
			projectDirPath = "";
			projectRoot = "";
			targets = (
				DBECA9CF282577570041891F /* ikid */,
				DBECA9E5282577590041891F /* ikidTests */,
				DBECA9EF282577590041891F /* ikidUITests */,
			);
		};
/* End PBXProject section */

/* Begin PBXResourcesBuildPhase section */
		DBECA9CE282577570041891F /* Resources */ = {
			isa = PBXResourcesBuildPhase;
			buildActionMask = 2147483647;
			files = (
				DBECA9E0282577590041891F /* LaunchScreen.storyboard in Resources */,
				DBECA9DD282577590041891F /* Assets.xcassets in Resources */,
				DBECA9DB282577570041891F /* Main.storyboard in Resources */,
			);
			runOnlyForDeploymentPostprocessing = 0;
		};
		DBECA9E4282577590041891F /* Resources */ = {
			isa = PBXResourcesBuildPhase;
			buildActionMask = 2147483647;
			files = (
			);
			runOnlyForDeploymentPostprocessing = 0;
		};
		DBECA9EE282577590041891F /* Resources */ = {
			isa = PBXResourcesBuildPhase;
			buildActionMask = 2147483647;
			files = (
			);
			runOnlyForDeploymentPostprocessing = 0;
		};
/* End PBXResourcesBuildPhase section */

/* Begin PBXSourcesBuildPhase section */
		DBECA9CC282577570041891F /* Sources */ = {
			isa = PBXSourcesBuildPhase;
			buildActionMask = 2147483647;
			files = (
				DBECAA0E28257B920041891F /* Knock.swift in Sources */,
				DBECAA2C2826E8DC0041891F /* SecondJokeFront.swift in Sources */,
				DBECAA262826E74A0041891F /* SecondJoke_Switching.swift in Sources */,
				DBECAA2E2826EF830041891F /* ThirdGoodJokeSwitch.swift in Sources */,
				DBECA9D8282577570041891F /* ViewController.swift in Sources */,
				DBECAA4428275F9E0041891F /* RandomJoke.swift in Sources */,
				DBECA9D4282577570041891F /* AppDelegate.swift in Sources */,
				DBECAA2A2826E7BF0041891F /* SecondJokeGoodBack.swift in Sources */,
				DBECAA14282584370041891F /* SecondViewController.swift in Sources */,
				DBECAA4228275F200041891F /* Random_Switch.swift in Sources */,
				DBECAA3A28270FF40041891F /* ThirdJokeBack.swift in Sources */,
				DBECAA12282583A30041891F /* FirstViewController.swift in Sources */,
				DBECAA0A28257B770041891F /* Good.swift in Sources */,
				DBECAA1E2826E1300041891F /* SecondJokeMore.swift in Sources */,
				DBECAA282826E7B10041891F /* SecondJoke.swift in Sources */,
				DBECAA10282583130041891F /* SwitchingViewController.swift in Sources */,
				DBECAA222826E4F60041891F /* SecondJokeGood.swift in Sources */,
				DBECA9D6282577570041891F /* SceneDelegate.swift in Sources */,
				DBECAA0C28257B810041891F /* Pun.swift in Sources */,
				DBECAA3E28274ACA0041891F /* PunFirstJokeFront.swift in Sources */,
				DBECAA3C282749E10041891F /* PunFirstJokeSwitch.swift in Sources */,
				DBECAA3828270FE60041891F /* ThirdJokeFront.swift in Sources */,
				DBECAA4028274B010041891F /* PunFirstJokeBack.swift in Sources */,
				DBECAA3628270FD70041891F /* ThirdJokeGoodSwitch.swift in Sources */,
				DBECAA46282762720041891F /* Random_JokeBack.swift in Sources */,
			);
			runOnlyForDeploymentPostprocessing = 0;
		};
		DBECA9E2282577590041891F /* Sources */ = {
			isa = PBXSourcesBuildPhase;
			buildActionMask = 2147483647;
			files = (
				DBECA9EB282577590041891F /* ikidTests.swift in Sources */,
			);
			runOnlyForDeploymentPostprocessing = 0;
		};
		DBECA9EC282577590041891F /* Sources */ = {
			isa = PBXSourcesBuildPhase;
			buildActionMask = 2147483647;
			files = (
				DBECA9F5282577590041891F /* ikidUITests.swift in Sources */,
				DBECA9F7282577590041891F /* ikidUITestsLaunchTests.swift in Sources */,
			);
			runOnlyForDeploymentPostprocessing = 0;
		};
/* End PBXSourcesBuildPhase section */

/* Begin PBXTargetDependency section */
		DBECA9E8282577590041891F /* PBXTargetDependency */ = {
			isa = PBXTargetDependency;
			target = DBECA9CF282577570041891F /* ikid */;
			targetProxy = DBECA9E7282577590041891F /* PBXContainerItemProxy */;
		};
		DBECA9F2282577590041891F /* PBXTargetDependency */ = {
			isa = PBXTargetDependency;
			target = DBECA9CF282577570041891F /* ikid */;
			targetProxy = DBECA9F1282577590041891F /* PBXContainerItemProxy */;
		};
/* End PBXTargetDependency section */

/* Begin PBXVariantGroup section */
		DBECA9D9282577570041891F /* Main.storyboard */ = {
			isa = PBXVariantGroup;
			children = (
				DBECA9DA282577570041891F /* Base */,
			);
			name = Main.storyboard;
			sourceTree = "<group>";
		};
		DBECA9DE282577590041891F /* LaunchScreen.storyboard */ = {
			isa = PBXVariantGroup;
			children = (
				DBECA9DF282577590041891F /* Base */,
			);
			name = LaunchScreen.storyboard;
			sourceTree = "<group>";
		};
/* End PBXVariantGroup section */

/* Begin XCBuildConfiguration section */
		DBECA9F8282577590041891F /* Debug */ = {
			isa = XCBuildConfiguration;
			buildSettings = {
				ALWAYS_SEARCH_USER_PATHS = NO;
				CLANG_ANALYZER_NONNULL = YES;
				CLANG_ANALYZER_NUMBER_OBJECT_CONVERSION = YES_AGGRESSIVE;
				CLANG_CXX_LANGUAGE_STANDARD = "gnu++17";
				CLANG_ENABLE_MODULES = YES;
				CLANG_ENABLE_OBJC_ARC = YES;
				CLANG_ENABLE_OBJC_WEAK = YES;
				CLANG_WARN_BLOCK_CAPTURE_AUTORELEASING = YES;
				CLANG_WARN_BOOL_CONVERSION = YES;
				CLANG_WARN_COMMA = YES;
				CLANG_WARN_CONSTANT_CONVERSION = YES;
				CLANG_WARN_DEPRECATED_OBJC_IMPLEMENTATIONS = YES;
				CLANG_WARN_DIRECT_OBJC_ISA_USAGE = YES_ERROR;
				CLANG_WARN_DOCUMENTATION_COMMENTS = YES;
				CLANG_WARN_EMPTY_BODY = YES;
				CLANG_WARN_ENUM_CONVERSION = YES;
				CLANG_WARN_INFINITE_RECURSION = YES;
				CLANG_WARN_INT_CONVERSION = YES;
				CLANG_WARN_NON_LITERAL_NULL_CONVERSION = YES;
				CLANG_WARN_OBJC_IMPLICIT_RETAIN_SELF = YES;
				CLANG_WARN_OBJC_LITERAL_CONVERSION = YES;
				CLANG_WARN_OBJC_ROOT_CLASS = YES_ERROR;
				CLANG_WARN_QUOTED_INCLUDE_IN_FRAMEWORK_HEADER = YES;
				CLANG_WARN_RANGE_LOOP_ANALYSIS = YES;
				CLANG_WARN_STRICT_PROTOTYPES = YES;
				CLANG_WARN_SUSPICIOUS_MOVE = YES;
				CLANG_WARN_UNGUARDED_AVAILABILITY = YES_AGGRESSIVE;
				CLANG_WARN_UNREACHABLE_CODE = YES;
				CLANG_WARN__DUPLICATE_METHOD_MATCH = YES;
				COPY_PHASE_STRIP = NO;
				DEBUG_INFORMATION_FORMAT = dwarf;
				ENABLE_STRICT_OBJC_MSGSEND = YES;
				ENABLE_TESTABILITY = YES;
				GCC_C_LANGUAGE_STANDARD = gnu11;
				GCC_DYNAMIC_NO_PIC = NO;
				GCC_NO_COMMON_BLOCKS = YES;
				GCC_OPTIMIZATION_LEVEL = 0;
				GCC_PREPROCESSOR_DEFINITIONS = (
					"DEBUG=1",
					"$(inherited)",
				);
				GCC_WARN_64_TO_32_BIT_CONVERSION = YES;
				GCC_WARN_ABOUT_RETURN_TYPE = YES_ERROR;
				GCC_WARN_UNDECLARED_SELECTOR = YES;
				GCC_WARN_UNINITIALIZED_AUTOS = YES_AGGRESSIVE;
				GCC_WARN_UNUSED_FUNCTION = YES;
				GCC_WARN_UNUSED_VARIABLE = YES;
				IPHONEOS_DEPLOYMENT_TARGET = 15.4;
				MTL_ENABLE_DEBUG_INFO = INCLUDE_SOURCE;
				MTL_FAST_MATH = YES;
				ONLY_ACTIVE_ARCH = YES;
				SDKROOT = iphoneos;
				SWIFT_ACTIVE_COMPILATION_CONDITIONS = DEBUG;
				SWIFT_OPTIMIZATION_LEVEL = "-Onone";
			};
			name = Debug;
		};
		DBECA9F9282577590041891F /* Release */ = {
			isa = XCBuildConfiguration;
			buildSettings = {
				ALWAYS_SEARCH_USER_PATHS = NO;
				CLANG_ANALYZER_NONNULL = YES;
				CLANG_ANALYZER_NUMBER_OBJECT_CONVERSION = YES_AGGRESSIVE;
				CLANG_CXX_LANGUAGE_STANDARD = "gnu++17";
				CLANG_ENABLE_MODULES = YES;
				CLANG_ENABLE_OBJC_ARC = YES;
				CLANG_ENABLE_OBJC_WEAK = YES;
				CLANG_WARN_BLOCK_CAPTURE_AUTORELEASING = YES;
				CLANG_WARN_BOOL_CONVERSION = YES;
				CLANG_WARN_COMMA = YES;
				CLANG_WARN_CONSTANT_CONVERSION = YES;
				CLANG_WARN_DEPRECATED_OBJC_IMPLEMENTATIONS = YES;
				CLANG_WARN_DIRECT_OBJC_ISA_USAGE = YES_ERROR;
				CLANG_WARN_DOCUMENTATION_COMMENTS = YES;
				CLANG_WARN_EMPTY_BODY = YES;
				CLANG_WARN_ENUM_CONVERSION = YES;
				CLANG_WARN_INFINITE_RECURSION = YES;
				CLANG_WARN_INT_CONVERSION = YES;
				CLANG_WARN_NON_LITERAL_NULL_CONVERSION = YES;
				CLANG_WARN_OBJC_IMPLICIT_RETAIN_SELF = YES;
				CLANG_WARN_OBJC_LITERAL_CONVERSION = YES;
				CLANG_WARN_OBJC_ROOT_CLASS = YES_ERROR;
				CLANG_WARN_QUOTED_INCLUDE_IN_FRAMEWORK_HEADER = YES;
				CLANG_WARN_RANGE_LOOP_ANALYSIS = YES;
				CLANG_WARN_STRICT_PROTOTYPES = YES;
				CLANG_WARN_SUSPICIOUS_MOVE = YES;
				CLANG_WARN_UNGUARDED_AVAILABILITY = YES_AGGRESSIVE;
				CLANG_WARN_UNREACHABLE_CODE = YES;
				CLANG_WARN__DUPLICATE_METHOD_MATCH = YES;
				COPY_PHASE_STRIP = NO;
				DEBUG_INFORMATION_FORMAT = "dwarf-with-dsym";
				ENABLE_NS_ASSERTIONS = NO;
				ENABLE_STRICT_OBJC_MSGSEND = YES;
				GCC_C_LANGUAGE_STANDARD = gnu11;
				GCC_NO_COMMON_BLOCKS = YES;
				GCC_WARN_64_TO_32_BIT_CONVERSION = YES;
				GCC_WARN_ABOUT_RETURN_TYPE = YES_ERROR;
				GCC_WARN_UNDECLARED_SELECTOR = YES;
				GCC_WARN_UNINITIALIZED_AUTOS = YES_AGGRESSIVE;
				GCC_WARN_UNUSED_FUNCTION = YES;
				GCC_WARN_UNUSED_VARIABLE = YES;
				IPHONEOS_DEPLOYMENT_TARGET = 15.4;
				MTL_ENABLE_DEBUG_INFO = NO;
				MTL_FAST_MATH = YES;
				SDKROOT = iphoneos;
				SWIFT_COMPILATION_MODE = wholemodule;
				SWIFT_OPTIMIZATION_LEVEL = "-O";
				VALIDATE_PRODUCT = YES;
			};
			name = Release;
		};
		DBECA9FB282577590041891F /* Debug */ = {
			isa = XCBuildConfiguration;
			buildSettings = {
				ASSETCATALOG_COMPILER_APPICON_NAME = AppIcon;
				ASSETCATALOG_COMPILER_GLOBAL_ACCENT_COLOR_NAME = AccentColor;
				CODE_SIGN_STYLE = Automatic;
				CURRENT_PROJECT_VERSION = 1;
				DEVELOPMENT_TEAM = 94FQL4S69Q;
				GENERATE_INFOPLIST_FILE = YES;
				INFOPLIST_FILE = ikid/Info.plist;
				INFOPLIST_KEY_UIApplicationSupportsIndirectInputEvents = YES;
				INFOPLIST_KEY_UILaunchStoryboardName = LaunchScreen;
				INFOPLIST_KEY_UIMainStoryboardFile = Main;
				INFOPLIST_KEY_UISupportedInterfaceOrientations_iPad = "UIInterfaceOrientationPortrait UIInterfaceOrientationPortraitUpsideDown UIInterfaceOrientationLandscapeLeft UIInterfaceOrientationLandscapeRight";
				INFOPLIST_KEY_UISupportedInterfaceOrientations_iPhone = "UIInterfaceOrientationPortrait UIInterfaceOrientationLandscapeLeft UIInterfaceOrientationLandscapeRight";
				LD_RUNPATH_SEARCH_PATHS = (
					"$(inherited)",
					"@executable_path/Frameworks",
				);
				MARKETING_VERSION = 1.0;
				PRODUCT_BUNDLE_IDENTIFIER = com.AbdiwahidHajir.helloios.ikid;
				PRODUCT_NAME = "$(TARGET_NAME)";
				SWIFT_EMIT_LOC_STRINGS = YES;
				SWIFT_VERSION = 5.0;
				TARGETED_DEVICE_FAMILY = "1,2";
			};
			name = Debug;
		};
		DBECA9FC282577590041891F /* Release */ = {
			isa = XCBuildConfiguration;
			buildSettings = {
				ASSETCATALOG_COMPILER_APPICON_NAME = AppIcon;
				ASSETCATALOG_COMPILER_GLOBAL_ACCENT_COLOR_NAME = AccentColor;
				CODE_SIGN_STYLE = Automatic;
				CURRENT_PROJECT_VERSION = 1;
				DEVELOPMENT_TEAM = 94FQL4S69Q;
				GENERATE_INFOPLIST_FILE = YES;
				INFOPLIST_FILE = ikid/Info.plist;
				INFOPLIST_KEY_UIApplicationSupportsIndirectInputEvents = YES;
				INFOPLIST_KEY_UILaunchStoryboardName = LaunchScreen;
				INFOPLIST_KEY_UIMainStoryboardFile = Main;
				INFOPLIST_KEY_UISupportedInterfaceOrientations_iPad = "UIInterfaceOrientationPortrait UIInterfaceOrientationPortraitUpsideDown UIInterfaceOrientationLandscapeLeft UIInterfaceOrientationLandscapeRight";
				INFOPLIST_KEY_UISupportedInterfaceOrientations_iPhone = "UIInterfaceOrientationPortrait UIInterfaceOrientationLandscapeLeft UIInterfaceOrientationLandscapeRight";
				LD_RUNPATH_SEARCH_PATHS = (
					"$(inherited)",
					"@executable_path/Frameworks",
				);
				MARKETING_VERSION = 1.0;
				PRODUCT_BUNDLE_IDENTIFIER = com.AbdiwahidHajir.helloios.ikid;
				PRODUCT_NAME = "$(TARGET_NAME)";
				SWIFT_EMIT_LOC_STRINGS = YES;
				SWIFT_VERSION = 5.0;
				TARGETED_DEVICE_FAMILY = "1,2";
			};
			name = Release;
		};
		DBECA9FE282577590041891F /* Debug */ = {
			isa = XCBuildConfiguration;
			buildSettings = {
				ALWAYS_EMBED_SWIFT_STANDARD_LIBRARIES = YES;
				BUNDLE_LOADER = "$(TEST_HOST)";
				CODE_SIGN_STYLE = Automatic;
				CURRENT_PROJECT_VERSION = 1;
				DEVELOPMENT_TEAM = 94FQL4S69Q;
				GENERATE_INFOPLIST_FILE = YES;
				IPHONEOS_DEPLOYMENT_TARGET = 15.4;
				MARKETING_VERSION = 1.0;
				PRODUCT_BUNDLE_IDENTIFIER = com.AbdiwahidHajir.helloios.ikidTests;
				PRODUCT_NAME = "$(TARGET_NAME)";
				SWIFT_EMIT_LOC_STRINGS = NO;
				SWIFT_VERSION = 5.0;
				TARGETED_DEVICE_FAMILY = "1,2";
				TEST_HOST = "$(BUILT_PRODUCTS_DIR)/ikid.app/ikid";
			};
			name = Debug;
		};
		DBECA9FF282577590041891F /* Release */ = {
			isa = XCBuildConfiguration;
			buildSettings = {
				ALWAYS_EMBED_SWIFT_STANDARD_LIBRARIES = YES;
				BUNDLE_LOADER = "$(TEST_HOST)";
				CODE_SIGN_STYLE = Automatic;
				CURRENT_PROJECT_VERSION = 1;
				DEVELOPMENT_TEAM = 94FQL4S69Q;
				GENERATE_INFOPLIST_FILE = YES;
				IPHONEOS_DEPLOYMENT_TARGET = 15.4;
				MARKETING_VERSION = 1.0;
				PRODUCT_BUNDLE_IDENTIFIER = com.AbdiwahidHajir.helloios.ikidTests;
				PRODUCT_NAME = "$(TARGET_NAME)";
				SWIFT_EMIT_LOC_STRINGS = NO;
				SWIFT_VERSION = 5.0;
				TARGETED_DEVICE_FAMILY = "1,2";
				TEST_HOST = "$(BUILT_PRODUCTS_DIR)/ikid.app/ikid";
			};
			name = Release;
		};
		DBECAA01282577590041891F /* Debug */ = {
			isa = XCBuildConfiguration;
			buildSettings = {
				ALWAYS_EMBED_SWIFT_STANDARD_LIBRARIES = YES;
				CODE_SIGN_STYLE = Automatic;
				CURRENT_PROJECT_VERSION = 1;
				DEVELOPMENT_TEAM = 94FQL4S69Q;
				GENERATE_INFOPLIST_FILE = YES;
				MARKETING_VERSION = 1.0;
				PRODUCT_BUNDLE_IDENTIFIER = com.AbdiwahidHajir.helloios.ikidUITests;
				PRODUCT_NAME = "$(TARGET_NAME)";
				SWIFT_EMIT_LOC_STRINGS = NO;
				SWIFT_VERSION = 5.0;
				TARGETED_DEVICE_FAMILY = "1,2";
				TEST_TARGET_NAME = ikid;
			};
			name = Debug;
		};
		DBECAA02282577590041891F /* Release */ = {
			isa = XCBuildConfiguration;
			buildSettings = {
				ALWAYS_EMBED_SWIFT_STANDARD_LIBRARIES = YES;
				CODE_SIGN_STYLE = Automatic;
				CURRENT_PROJECT_VERSION = 1;
				DEVELOPMENT_TEAM = 94FQL4S69Q;
				GENERATE_INFOPLIST_FILE = YES;
				MARKETING_VERSION = 1.0;
				PRODUCT_BUNDLE_IDENTIFIER = com.AbdiwahidHajir.helloios.ikidUITests;
				PRODUCT_NAME = "$(TARGET_NAME)";
				SWIFT_EMIT_LOC_STRINGS = NO;
				SWIFT_VERSION = 5.0;
				TARGETED_DEVICE_FAMILY = "1,2";
				TEST_TARGET_NAME = ikid;
			};
			name = Release;
		};
/* End XCBuildConfiguration section */

/* Begin XCConfigurationList section */
		DBECA9CB282577570041891F /* Build configuration list for PBXProject "ikid" */ = {
			isa = XCConfigurationList;
			buildConfigurations = (
				DBECA9F8282577590041891F /* Debug */,
				DBECA9F9282577590041891F /* Release */,
			);
			defaultConfigurationIsVisible = 0;
			defaultConfigurationName = Release;
		};
		DBECA9FA282577590041891F /* Build configuration list for PBXNativeTarget "ikid" */ = {
			isa = XCConfigurationList;
			buildConfigurations = (
				DBECA9FB282577590041891F /* Debug */,
				DBECA9FC282577590041891F /* Release */,
			);
			defaultConfigurationIsVisible = 0;
			defaultConfigurationName = Release;
		};
		DBECA9FD282577590041891F /* Build configuration list for PBXNativeTarget "ikidTests" */ = {
			isa = XCConfigurationList;
			buildConfigurations = (
				DBECA9FE282577590041891F /* Debug */,
				DBECA9FF282577590041891F /* Release */,
			);
			defaultConfigurationIsVisible = 0;
			defaultConfigurationName = Release;
		};
		DBECAA00282577590041891F /* Build configuration list for PBXNativeTarget "ikidUITests" */ = {
			isa = XCConfigurationList;
			buildConfigurations = (
				DBECAA01282577590041891F /* Debug */,
				DBECAA02282577590041891F /* Release */,
			);
			defaultConfigurationIsVisible = 0;
			defaultConfigurationName = Release;
		};
/* End XCConfigurationList section */
	};
	rootObject = DBECA9C8282577570041891F /* Project object */;
}
